
Microsoft Visual Studio Solution File, Format Version 12.00
# Visual Studio Version 17
VisualStudioVersion = 17.0.31903.59
MinimumVisualStudioVersion = 10.0.40219.1
Project("{2150E333-8FDC-42A3-9474-1A3956D46DE8}") = "src", "src", "{34F80440-0ECD-4AC5-B191-0023429E49D7}"
EndProject
Project("{2150E333-8FDC-42A3-9474-1A3956D46DE8}") = "core", "core", "{FF7A09FF-5213-4789-B438-D4B59BEEBC45}"
EndProject
Project("{2150E333-8FDC-42A3-9474-1A3956D46DE8}") = "test", "test", "{FD45E2F0-B715-4E7D-9413-9B99BF403271}"
EndProject
Project("{2150E333-8FDC-42A3-9474-1A3956D46DE8}") = "solution", "solution", "{333A3112-720E-4C36-801E-659B0507058F}"
	ProjectSection(SolutionItems) = preProject
		README.md = README.md
	EndProjectSection
EndProject
Project("{FAE04EC0-301F-11D3-BF4B-00C04F79EFBC}") = "Aster.Tests", "test\Aster.Tests\Aster.Tests.csproj", "{688CFCB6-2F3A-493D-968B-AEE29FCFE042}"
EndProject
Project("{2150E333-8FDC-42A3-9474-1A3956D46DE8}") = "apps", "apps", "{A70B85DB-A03D-49A2-9D79-E1EB06B261AA}"
EndProject
Project("{FAE04EC0-301F-11D3-BF4B-00C04F79EFBC}") = "Aster.Web", "src\apps\Aster.Web\Aster.Web.csproj", "{9C4037D5-6294-4064-BC75-527370100C37}"
EndProject
Project("{2150E333-8FDC-42A3-9474-1A3956D46DE8}") = "docs", "docs", "{8256ABFE-852A-443F-8E70-149D2340D03A}"
	ProjectSection(SolutionItems) = preProject
		docs\coding-conventions.md = docs\coding-conventions.md
		docs\roadmap.md = docs\roadmap.md
		docs\architecture-review.md = docs\architecture-review.md
	EndProjectSection
EndProject
Global
	GlobalSection(SolutionConfigurationPlatforms) = preSolution
		Debug|Any CPU = Debug|Any CPU
		Release|Any CPU = Release|Any CPU
	EndGlobalSection
	GlobalSection(SolutionProperties) = preSolution
		HideSolutionNode = FALSE
	EndGlobalSection
	GlobalSection(ProjectConfigurationPlatforms) = postSolution
		{688CFCB6-2F3A-493D-968B-AEE29FCFE042}.Debug|Any CPU.ActiveCfg = Debug|Any CPU
		{688CFCB6-2F3A-493D-968B-AEE29FCFE042}.Debug|Any CPU.Build.0 = Debug|Any CPU
		{688CFCB6-2F3A-493D-968B-AEE29FCFE042}.Release|Any CPU.ActiveCfg = Release|Any CPU
		{688CFCB6-2F3A-493D-968B-AEE29FCFE042}.Release|Any CPU.Build.0 = Release|Any CPU
		{9C4037D5-6294-4064-BC75-527370100C37}.Debug|Any CPU.ActiveCfg = Debug|Any CPU
		{9C4037D5-6294-4064-BC75-527370100C37}.Debug|Any CPU.Build.0 = Debug|Any CPU
		{9C4037D5-6294-4064-BC75-527370100C37}.Release|Any CPU.ActiveCfg = Release|Any CPU
		{9C4037D5-6294-4064-BC75-527370100C37}.Release|Any CPU.Build.0 = Release|Any CPU
	EndGlobalSection
	GlobalSection(NestedProjects) = preSolution
		{FF7A09FF-5213-4789-B438-D4B59BEEBC45} = {34F80440-0ECD-4AC5-B191-0023429E49D7}
		{688CFCB6-2F3A-493D-968B-AEE29FCFE042} = {FD45E2F0-B715-4E7D-9413-9B99BF403271}
		{A70B85DB-A03D-49A2-9D79-E1EB06B261AA} = {34F80440-0ECD-4AC5-B191-0023429E49D7}
		{9C4037D5-6294-4064-BC75-527370100C37} = {A70B85DB-A03D-49A2-9D79-E1EB06B261AA}
	EndGlobalSection
EndGlobal
